
Microsoft Visual Studio Solution File, Format Version 12.00
# Visual Studio Version 17
VisualStudioVersion = 17.2.32519.379
MinimumVisualStudioVersion = 10.0.40219.1
Project("{FAE04EC0-301F-11D3-BF4B-00C04F79EFBC}") = "AccessModifiers2", "AccessModifiers2\AccessModifiers2.csproj", "{9630635A-7169-416F-AB1C-3F744AFC0526}"
EndProject
Global
	GlobalSection(SolutionConfigurationPlatforms) = preSolution
		Debug|Any CPU = Debug|Any CPU
		Release|Any CPU = Release|Any CPU
	EndGlobalSection
	GlobalSection(ProjectConfigurationPlatforms) = postSolution
		{9630635A-7169-416F-AB1C-3F744AFC0526}.Debug|Any CPU.ActiveCfg = Debug|Any CPU
		{9630635A-7169-416F-AB1C-3F744AFC0526}.Debug|Any CPU.Build.0 = Debug|Any CPU
		{9630635A-7169-416F-AB1C-3F744AFC0526}.Release|Any CPU.ActiveCfg = Release|Any CPU
		{9630635A-7169-416F-AB1C-3F744AFC0526}.Release|Any CPU.Build.0 = Release|Any CPU
	EndGlobalSection
	GlobalSection(SolutionProperties) = preSolution
		HideSolutionNode = FALSE
	EndGlobalSection
	GlobalSection(ExtensibilityGlobals) = postSolution
		SolutionGuid = {5E1154F8-73D9-4B83-98A1-AC80C5D38A1D}
	EndGlobalSection
EndGlobal
